
Microsoft Visual Studio Solution File, Format Version 12.00
# Visual Studio Version 16
VisualStudioVersion = 16.0.30611.23
MinimumVisualStudioVersion = 10.0.40219.1
Project("{FAE04EC0-301F-11D3-BF4B-00C04F79EFBC}") = "Task1", "Task1\Task1.csproj", "{5A5535A4-27DA-4AE5-A4FF-948116D8C994}"
EndProject
Project("{FAE04EC0-301F-11D3-BF4B-00C04F79EFBC}") = "Task2", "Task2\Task2.csproj", "{CBF44A01-3A24-4E8E-9B22-91C118863EBD}"
EndProject
Global
	GlobalSection(SolutionConfigurationPlatforms) = preSolution
		Debug|Any CPU = Debug|Any CPU
		Release|Any CPU = Release|Any CPU
	EndGlobalSection
	GlobalSection(ProjectConfigurationPlatforms) = postSolution
		{5A5535A4-27DA-4AE5-A4FF-948116D8C994}.Debug|Any CPU.ActiveCfg = Debug|Any CPU
		{5A5535A4-27DA-4AE5-A4FF-948116D8C994}.Debug|Any CPU.Build.0 = Debug|Any CPU
		{5A5535A4-27DA-4AE5-A4FF-948116D8C994}.Release|Any CPU.ActiveCfg = Release|Any CPU
		{5A5535A4-27DA-4AE5-A4FF-948116D8C994}.Release|Any CPU.Build.0 = Release|Any CPU
		{CBF44A01-3A24-4E8E-9B22-91C118863EBD}.Debug|Any CPU.ActiveCfg = Debug|Any CPU
		{CBF44A01-3A24-4E8E-9B22-91C118863EBD}.Debug|Any CPU.Build.0 = Debug|Any CPU
		{CBF44A01-3A24-4E8E-9B22-91C118863EBD}.Release|Any CPU.ActiveCfg = Release|Any CPU
		{CBF44A01-3A24-4E8E-9B22-91C118863EBD}.Release|Any CPU.Build.0 = Release|Any CPU
	EndGlobalSection
	GlobalSection(SolutionProperties) = preSolution
		HideSolutionNode = FALSE
	EndGlobalSection
	GlobalSection(ExtensibilityGlobals) = postSolution
		SolutionGuid = {22528C85-54B7-46A2-8567-5477F9F3B7FF}
	EndGlobalSection
EndGlobal
